
Microsoft Visual Studio Solution File, Format Version 12.00
# Visual Studio Version 17
VisualStudioVersion = 17.7.34221.43
MinimumVisualStudioVersion = 10.0.40219.1
Project("{9A19103F-16F7-4668-BE54-9A1E7A4F7556}") = "whatssappnotificaion", "whatssappnotificaion\whatssappnotificaion.csproj", "{AF725E97-4353-4745-8672-9B7623C2E81B}"
EndProject
Global
	GlobalSection(SolutionConfigurationPlatforms) = preSolution
		Debug|Any CPU = Debug|Any CPU
		Release|Any CPU = Release|Any CPU
	EndGlobalSection
	GlobalSection(ProjectConfigurationPlatforms) = postSolution
		{AF725E97-4353-4745-8672-9B7623C2E81B}.Debug|Any CPU.ActiveCfg = Debug|Any CPU
		{AF725E97-4353-4745-8672-9B7623C2E81B}.Debug|Any CPU.Build.0 = Debug|Any CPU
		{AF725E97-4353-4745-8672-9B7623C2E81B}.Release|Any CPU.ActiveCfg = Release|Any CPU
		{AF725E97-4353-4745-8672-9B7623C2E81B}.Release|Any CPU.Build.0 = Release|Any CPU
	EndGlobalSection
	GlobalSection(SolutionProperties) = preSolution
		HideSolutionNode = FALSE
	EndGlobalSection
	GlobalSection(ExtensibilityGlobals) = postSolution
		SolutionGuid = {A1C32F52-0569-42BF-A49B-C2CB22B3C2CE}
	EndGlobalSection
EndGlobal
